
Microsoft Visual Studio Solution File, Format Version 12.00
# Visual Studio Version 16
VisualStudioVersion = 16.0.30709.64
MinimumVisualStudioVersion = 10.0.40219.1
Project("{FAE04EC0-301F-11D3-BF4B-00C04F79EFBC}") = "ChuckNorrisImport", "ChuckNorrisImport\ChuckNorrisImport.csproj", "{FBEC56B5-439E-43F8-9B69-D8F40E5BCE0F}"
EndProject
Global
	GlobalSection(SolutionConfigurationPlatforms) = preSolution
		Debug|Any CPU = Debug|Any CPU
		Release|Any CPU = Release|Any CPU
	EndGlobalSection
	GlobalSection(ProjectConfigurationPlatforms) = postSolution
		{FBEC56B5-439E-43F8-9B69-D8F40E5BCE0F}.Debug|Any CPU.ActiveCfg = Debug|Any CPU
		{FBEC56B5-439E-43F8-9B69-D8F40E5BCE0F}.Debug|Any CPU.Build.0 = Debug|Any CPU
		{FBEC56B5-439E-43F8-9B69-D8F40E5BCE0F}.Release|Any CPU.ActiveCfg = Release|Any CPU
		{FBEC56B5-439E-43F8-9B69-D8F40E5BCE0F}.Release|Any CPU.Build.0 = Release|Any CPU
	EndGlobalSection
	GlobalSection(SolutionProperties) = preSolution
		HideSolutionNode = FALSE
	EndGlobalSection
	GlobalSection(ExtensibilityGlobals) = postSolution
		SolutionGuid = {715A6FAA-70AA-45BC-AB82-EE6BCFC89FBA}
	EndGlobalSection
EndGlobal
